
Microsoft Visual Studio Solution File, Format Version 12.00
# Visual Studio Version 16
VisualStudioVersion = 16.0.31515.178
MinimumVisualStudioVersion = 10.0.40219.1
Project("{FAE04EC0-301F-11D3-BF4B-00C04F79EFBC}") = "App001", "App001\App001.csproj", "{16AD8F8B-15C3-4572-94FF-85583F854898}"
EndProject
Project("{2150E333-8FDC-42A3-9474-1A3956D46DE8}") = "Solution Items", "Solution Items", "{75AA21DE-C40A-4E75-AD7D-BE237A019181}"
	ProjectSection(SolutionItems) = preProject
		.editorconfig = .editorconfig
	EndProjectSection
EndProject
Global
	GlobalSection(SolutionConfigurationPlatforms) = preSolution
		Debug|Any CPU = Debug|Any CPU
		Release|Any CPU = Release|Any CPU
	EndGlobalSection
	GlobalSection(ProjectConfigurationPlatforms) = postSolution
		{16AD8F8B-15C3-4572-94FF-85583F854898}.Debug|Any CPU.ActiveCfg = Debug|Any CPU
		{16AD8F8B-15C3-4572-94FF-85583F854898}.Debug|Any CPU.Build.0 = Debug|Any CPU
		{16AD8F8B-15C3-4572-94FF-85583F854898}.Release|Any CPU.ActiveCfg = Release|Any CPU
		{16AD8F8B-15C3-4572-94FF-85583F854898}.Release|Any CPU.Build.0 = Release|Any CPU
	EndGlobalSection
	GlobalSection(SolutionProperties) = preSolution
		HideSolutionNode = FALSE
	EndGlobalSection
	GlobalSection(ExtensibilityGlobals) = postSolution
		SolutionGuid = {7C564E99-BFA3-4393-B493-FBC886ECFC98}
	EndGlobalSection
EndGlobal
